
Microsoft Visual Studio Solution File, Format Version 12.00
# Visual Studio Version 16
VisualStudioVersion = 16.0.29209.62
MinimumVisualStudioVersion = 10.0.40219.1
Project("{FAE04EC0-301F-11D3-BF4B-00C04F79EFBC}") = "EventHubTCC", "EventHubTCC\EventHubTCC.csproj", "{5AE5F182-18A5-420C-BA8E-CA79EB2CA65A}"
EndProject
Global
	GlobalSection(SolutionConfigurationPlatforms) = preSolution
		Debug|Any CPU = Debug|Any CPU
		Release|Any CPU = Release|Any CPU
	EndGlobalSection
	GlobalSection(ProjectConfigurationPlatforms) = postSolution
		{5AE5F182-18A5-420C-BA8E-CA79EB2CA65A}.Debug|Any CPU.ActiveCfg = Debug|Any CPU
		{5AE5F182-18A5-420C-BA8E-CA79EB2CA65A}.Debug|Any CPU.Build.0 = Debug|Any CPU
		{5AE5F182-18A5-420C-BA8E-CA79EB2CA65A}.Release|Any CPU.ActiveCfg = Release|Any CPU
		{5AE5F182-18A5-420C-BA8E-CA79EB2CA65A}.Release|Any CPU.Build.0 = Release|Any CPU
	EndGlobalSection
	GlobalSection(SolutionProperties) = preSolution
		HideSolutionNode = FALSE
	EndGlobalSection
	GlobalSection(ExtensibilityGlobals) = postSolution
		SolutionGuid = {D39767A9-A754-4F12-B285-886EF445F478}
	EndGlobalSection
EndGlobal
