
Microsoft Visual Studio Solution File, Format Version 12.00
# Visual Studio Version 16
VisualStudioVersion = 16.0.29424.173
MinimumVisualStudioVersion = 10.0.40219.1
Project("{2150E333-8FDC-42A3-9474-1A3956D46DE8}") = "0 - WebApi", "0 - WebApi", "{3B096351-34D0-460E-A5BF-FD84019E45C9}"
EndProject
Project("{9A19103F-16F7-4668-BE54-9A1E7A4F7556}") = "EventHub.WebApi", "EventHub.WebApi\EventHub.WebApi.csproj", "{C7657181-0D07-437F-87C4-285329207D1F}"
EndProject
Project("{2150E333-8FDC-42A3-9474-1A3956D46DE8}") = "4 - Infraestructure", "4 - Infraestructure", "{3C32BBF3-184B-462D-A117-6B26CF2B6EBD}"
EndProject
Project("{FAE04EC0-301F-11D3-BF4B-00C04F79EFBC}") = "EventHub.Infrastructure", "EventHub.Infrastructure\EventHub.Infrastructure.csproj", "{B9DCB53D-194C-499D-A272-14B812E7FD6D}"
EndProject
Project("{2150E333-8FDC-42A3-9474-1A3956D46DE8}") = "1 - Application", "1 - Application", "{C309698A-9F79-4700-9876-04008A361279}"
EndProject
Project("{2150E333-8FDC-42A3-9474-1A3956D46DE8}") = "2 - Domain", "2 - Domain", "{A9D28A79-0C7B-4C77-AFC4-D4FEAF726167}"
EndProject
Project("{FAE04EC0-301F-11D3-BF4B-00C04F79EFBC}") = "EventHub.Application", "EventHub.Application\EventHub.Application.csproj", "{35965B4F-2D19-4C0E-B65E-054907358E53}"
EndProject
Project("{FAE04EC0-301F-11D3-BF4B-00C04F79EFBC}") = "EventHub.Domain", "EventHub.Domain\EventHub.Domain.csproj", "{3259ADB5-91EF-4679-867A-A08C9EE25240}"
EndProject
Project("{2150E333-8FDC-42A3-9474-1A3956D46DE8}") = "3 - Business", "3 - Business", "{102C21D8-5BFD-42C1-AF6B-6B47C86E5867}"
EndProject
Project("{FAE04EC0-301F-11D3-BF4B-00C04F79EFBC}") = "EventHub.Business", "EventHub.Business\EventHub.Business.csproj", "{683B4CCB-2445-4AF5-A3E6-84EE36936D57}"
EndProject
Project("{2150E333-8FDC-42A3-9474-1A3956D46DE8}") = "5 - SocialConnection", "5 - SocialConnection", "{08FA4135-4FF2-43BA-A8BA-FA92302AA5B7}"
EndProject
Project("{FAE04EC0-301F-11D3-BF4B-00C04F79EFBC}") = "SocialConnection", "SocialConnection\SocialConnection.csproj", "{56F3EE1E-C6A1-445D-8D49-C2FF2FB1A268}"
EndProject
Global
	GlobalSection(SolutionConfigurationPlatforms) = preSolution
		Debug|Any CPU = Debug|Any CPU
		Release|Any CPU = Release|Any CPU
	EndGlobalSection
	GlobalSection(ProjectConfigurationPlatforms) = postSolution
		{C7657181-0D07-437F-87C4-285329207D1F}.Debug|Any CPU.ActiveCfg = Debug|Any CPU
		{C7657181-0D07-437F-87C4-285329207D1F}.Debug|Any CPU.Build.0 = Debug|Any CPU
		{C7657181-0D07-437F-87C4-285329207D1F}.Release|Any CPU.ActiveCfg = Release|Any CPU
		{C7657181-0D07-437F-87C4-285329207D1F}.Release|Any CPU.Build.0 = Release|Any CPU
		{B9DCB53D-194C-499D-A272-14B812E7FD6D}.Debug|Any CPU.ActiveCfg = Debug|Any CPU
		{B9DCB53D-194C-499D-A272-14B812E7FD6D}.Debug|Any CPU.Build.0 = Debug|Any CPU
		{B9DCB53D-194C-499D-A272-14B812E7FD6D}.Release|Any CPU.ActiveCfg = Release|Any CPU
		{B9DCB53D-194C-499D-A272-14B812E7FD6D}.Release|Any CPU.Build.0 = Release|Any CPU
		{35965B4F-2D19-4C0E-B65E-054907358E53}.Debug|Any CPU.ActiveCfg = Debug|Any CPU
		{35965B4F-2D19-4C0E-B65E-054907358E53}.Debug|Any CPU.Build.0 = Debug|Any CPU
		{35965B4F-2D19-4C0E-B65E-054907358E53}.Release|Any CPU.ActiveCfg = Release|Any CPU
		{35965B4F-2D19-4C0E-B65E-054907358E53}.Release|Any CPU.Build.0 = Release|Any CPU
		{3259ADB5-91EF-4679-867A-A08C9EE25240}.Debug|Any CPU.ActiveCfg = Debug|Any CPU
		{3259ADB5-91EF-4679-867A-A08C9EE25240}.Debug|Any CPU.Build.0 = Debug|Any CPU
		{3259ADB5-91EF-4679-867A-A08C9EE25240}.Release|Any CPU.ActiveCfg = Release|Any CPU
		{3259ADB5-91EF-4679-867A-A08C9EE25240}.Release|Any CPU.Build.0 = Release|Any CPU
		{683B4CCB-2445-4AF5-A3E6-84EE36936D57}.Debug|Any CPU.ActiveCfg = Debug|Any CPU
		{683B4CCB-2445-4AF5-A3E6-84EE36936D57}.Debug|Any CPU.Build.0 = Debug|Any CPU
		{683B4CCB-2445-4AF5-A3E6-84EE36936D57}.Release|Any CPU.ActiveCfg = Release|Any CPU
		{683B4CCB-2445-4AF5-A3E6-84EE36936D57}.Release|Any CPU.Build.0 = Release|Any CPU
		{56F3EE1E-C6A1-445D-8D49-C2FF2FB1A268}.Debug|Any CPU.ActiveCfg = Debug|Any CPU
		{56F3EE1E-C6A1-445D-8D49-C2FF2FB1A268}.Debug|Any CPU.Build.0 = Debug|Any CPU
		{56F3EE1E-C6A1-445D-8D49-C2FF2FB1A268}.Release|Any CPU.ActiveCfg = Release|Any CPU
		{56F3EE1E-C6A1-445D-8D49-C2FF2FB1A268}.Release|Any CPU.Build.0 = Release|Any CPU
	EndGlobalSection
	GlobalSection(SolutionProperties) = preSolution
		HideSolutionNode = FALSE
	EndGlobalSection
	GlobalSection(NestedProjects) = preSolution
		{C7657181-0D07-437F-87C4-285329207D1F} = {3B096351-34D0-460E-A5BF-FD84019E45C9}
		{B9DCB53D-194C-499D-A272-14B812E7FD6D} = {3C32BBF3-184B-462D-A117-6B26CF2B6EBD}
		{35965B4F-2D19-4C0E-B65E-054907358E53} = {C309698A-9F79-4700-9876-04008A361279}
		{3259ADB5-91EF-4679-867A-A08C9EE25240} = {A9D28A79-0C7B-4C77-AFC4-D4FEAF726167}
		{683B4CCB-2445-4AF5-A3E6-84EE36936D57} = {102C21D8-5BFD-42C1-AF6B-6B47C86E5867}
		{56F3EE1E-C6A1-445D-8D49-C2FF2FB1A268} = {08FA4135-4FF2-43BA-A8BA-FA92302AA5B7}
	EndGlobalSection
	GlobalSection(ExtensibilityGlobals) = postSolution
		SolutionGuid = {A18A1E6D-CE88-43D8-AFBB-20D9461D3F7B}
	EndGlobalSection
EndGlobal
